
Microsoft Visual Studio Solution File, Format Version 12.00
# Visual Studio Version 16
VisualStudioVersion = 16.0.31515.178
MinimumVisualStudioVersion = 10.0.40219.1
Project("{888888A0-9F3D-457C-B088-3A5042F75D52}") = "Week6-Invoice Line Item Calculator", "Week6-Invoice Line Item Calculator.pyproj", "{D97A7354-F180-4635-AFC4-69DBE2184977}"
EndProject
Global
	GlobalSection(SolutionConfigurationPlatforms) = preSolution
		Debug|Any CPU = Debug|Any CPU
		Release|Any CPU = Release|Any CPU
	EndGlobalSection
	GlobalSection(ProjectConfigurationPlatforms) = postSolution
		{D97A7354-F180-4635-AFC4-69DBE2184977}.Debug|Any CPU.ActiveCfg = Debug|Any CPU
		{D97A7354-F180-4635-AFC4-69DBE2184977}.Release|Any CPU.ActiveCfg = Release|Any CPU
	EndGlobalSection
	GlobalSection(SolutionProperties) = preSolution
		HideSolutionNode = FALSE
	EndGlobalSection
	GlobalSection(ExtensibilityGlobals) = postSolution
		SolutionGuid = {4EA8317D-DE6E-45AE-B499-7D6C11B57B94}
	EndGlobalSection
EndGlobal
